// !$*UTF8*$!
{
	archiveVersion = 1;
	classes = {
	};
	objectVersion = 77;
	objects = {

/* Begin PBXContainerItemProxy section */
		84F6C5752F8FD7A10037FB23 /* PBXContainerItemProxy */ = {
			isa = PBXContainerItemProxy;
			containerPortal = 84F6C5562F8FD7A00037FB23 /* Project object */;
			proxyType = 1;
			remoteGlobalIDString = 84F6C55D2F8FD7A00037FB23;
			remoteInfo = LetsTravel;
		};
		84F6C57F2F8FD7A20037FB23 /* PBXContainerItemProxy */ = {
			isa = PBXContainerItemProxy;
			containerPortal = 84F6C5562F8FD7A00037FB23 /* Project object */;
			proxyType = 1;
			remoteGlobalIDString = 84F6C55D2F8FD7A00037FB23;
			remoteInfo = LetsTravel;
		};
/* End PBXContainerItemProxy section */

/* Begin PBXFileReference section */
		84F6C55E2F8FD7A00037FB23 /* LetsTravel.app */ = {isa = PBXFileReference; explicitFileType = wrapper.application; includeInIndex = 0; path = LetsTravel.app; sourceTree = BUILT_PRODUCTS_DIR; };
		84F6C5742F8FD7A10037FB23 /* LetsTravelTests.xctest */ = {isa = PBXFileReference; explicitFileType = wrapper.cfbundle; includeInIndex = 0; path = LetsTravelTests.xctest; sourceTree = BUILT_PRODUCTS_DIR; };
		84F6C57E2F8FD7A20037FB23 /* LetsTravelUITests.xctest */ = {isa = PBXFileReference; explicitFileType = wrapper.cfbundle; includeInIndex = 0; path = LetsTravelUITests.xctest; sourceTree = BUILT_PRODUCTS_DIR; };
/* End PBXFileReference section */

/* Begin PBXFileSystemSynchronizedBuildFileExceptionSet section */
		84F6C5862F8FD7A20037FB23 /* Exceptions for "LetsTravel" folder in "LetsTravel" target */ = {
			isa = PBXFileSystemSynchronizedBuildFileExceptionSet;
			membershipExceptions = (
				Info.plist,
			);
			target = 84F6C55D2F8FD7A00037FB23 /* LetsTravel */;
		};
/* End PBXFileSystemSynchronizedBuildFileExceptionSet section */

/* Begin PBXFileSystemSynchronizedRootGroup section */
		84F6C5602F8FD7A00037FB23 /* LetsTravel */ = {
			isa = PBXFileSystemSynchronizedRootGroup;
			exceptions = (
				84F6C5862F8FD7A20037FB23 /* Exceptions for "LetsTravel" folder in "LetsTravel" target */,
			);
			path = LetsTravel;
			sourceTree = "<group>";
		};
		84F6C5772F8FD7A10037FB23 /* LetsTravelTests */ = {
			isa = PBXFileSystemSynchronizedRootGroup;
			path = LetsTravelTests;
			sourceTree = "<group>";
		};
		84F6C5812F8FD7A20037FB23 /* LetsTravelUITests */ = {
			isa = PBXFileSystemSynchronizedRootGroup;
			path = LetsTravelUITests;
			sourceTree = "<group>";
		};
/* End PBXFileSystemSynchronizedRootGroup section */

/* Begin PBXFrameworksBuildPhase section */
		84F6C55B2F8FD7A00037FB23 /* Frameworks */ = {
			isa = PBXFrameworksBuildPhase;
			buildActionMask = 2147483647;
			files = (
			);
			runOnlyForDeploymentPostprocessing = 0;
		};
		84F6C5712F8FD7A10037FB23 /* Frameworks */ = {
			isa = PBXFrameworksBuildPhase;
			buildActionMask = 2147483647;
			files = (
			);
			runOnlyForDeploymentPostprocessing = 0;
		};
		84F6C57B2F8FD7A20037FB23 /* Frameworks */ = {
			isa = PBXFrameworksBuildPhase;
			buildActionMask = 2147483647;
			files = (
			);
			runOnlyForDeploymentPostprocessing = 0;
		};
/* End PBXFrameworksBuildPhase section */

/* Begin PBXGroup section */
		84F6C5552F8FD7A00037FB23 = {
			isa = PBXGroup;
			children = (
				84F6C5602F8FD7A00037FB23 /* LetsTravel */,
				84F6C5772F8FD7A10037FB23 /* LetsTravelTests */,
				84F6C5812F8FD7A20037FB23 /* LetsTravelUITests */,
				84F6C55F2F8FD7A00037FB23 /* Products */,
			);
			sourceTree = "<group>";
		};
		84F6C55F2F8FD7A00037FB23 /* Products */ = {
			isa = PBXGroup;
			children = (
				84F6C55E2F8FD7A00037FB23 /* LetsTravel.app */,
				84F6C5742F8FD7A10037FB23 /* LetsTravelTests.xctest */,
				84F6C57E2F8FD7A20037FB23 /* LetsTravelUITests.xctest */,
			);
			name = Products;
			sourceTree = "<group>";
		};
/* End PBXGroup section */

/* Begin PBXNativeTarget section */
		84F6C55D2F8FD7A00037FB23 /* LetsTravel */ = {
			isa = PBXNativeTarget;
			buildConfigurationList = 84F6C5872F8FD7A20037FB23 /* Build configuration list for PBXNativeTarget "LetsTravel" */;
			buildPhases = (
				84F6C55A2F8FD7A00037FB23 /* Sources */,
				84F6C55B2F8FD7A00037FB23 /* Frameworks */,
				84F6C55C2F8FD7A00037FB23 /* Resources */,
			);
			buildRules = (
			);
			dependencies = (
			);
			fileSystemSynchronizedGroups = (
				84F6C5602F8FD7A00037FB23 /* LetsTravel */,
			);
			name = LetsTravel;
			packageProductDependencies = (
			);
			productName = LetsTravel;
			productReference = 84F6C55E2F8FD7A00037FB23 /* LetsTravel.app */;
			productType = "com.apple.product-type.application";
		};
		84F6C5732F8FD7A10037FB23 /* LetsTravelTests */ = {
			isa = PBXNativeTarget;
			buildConfigurationList = 84F6C58C2F8FD7A20037FB23 /* Build configuration list for PBXNativeTarget "LetsTravelTests" */;
			buildPhases = (
				84F6C5702F8FD7A10037FB23 /* Sources */,
				84F6C5712F8FD7A10037FB23 /* Frameworks */,
				84F6C5722F8FD7A10037FB23 /* Resources */,
			);
			buildRules = (
			);
			dependencies = (
				84F6C5762F8FD7A10037FB23 /* PBXTargetDependency */,
			);
			fileSystemSynchronizedGroups = (
				84F6C5772F8FD7A10037FB23 /* LetsTravelTests */,
			);
			name = LetsTravelTests;
			packageProductDependencies = (
			);
			productName = LetsTravelTests;
			productReference = 84F6C5742F8FD7A10037FB23 /* LetsTravelTests.xctest */;
			productType = "com.apple.product-type.bundle.unit-test";
		};
		84F6C57D2F8FD7A20037FB23 /* LetsTravelUITests */ = {
			isa = PBXNativeTarget;
			buildConfigurationList = 84F6C58F2F8FD7A20037FB23 /* Build configuration list for PBXNativeTarget "LetsTravelUITests" */;
			buildPhases = (
				84F6C57A2F8FD7A20037FB23 /* Sources */,
				84F6C57B2F8FD7A20037FB23 /* Frameworks */,
				84F6C57C2F8FD7A20037FB23 /* Resources */,
			);
			buildRules = (
			);
			dependencies = (
				84F6C5802F8FD7A20037FB23 /* PBXTargetDependency */,
			);
			fileSystemSynchronizedGroups = (
				84F6C5812F8FD7A20037FB23 /* LetsTravelUITests */,
			);
			name = LetsTravelUITests;
			packageProductDependencies = (
			);
			productName = LetsTravelUITests;
			productReference = 84F6C57E2F8FD7A20037FB23 /* LetsTravelUITests.xctest */;
			productType = "com.apple.product-type.bundle.ui-testing";
		};
/* End PBXNativeTarget section */

/* Begin PBXProject section */
		84F6C5562F8FD7A00037FB23 /* Project object */ = {
			isa = PBXProject;
			attributes = {
				BuildIndependentTargetsInParallel = 1;
				LastSwiftUpdateCheck = 2640;
				LastUpgradeCheck = 2640;
				TargetAttributes = {
					84F6C55D2F8FD7A00037FB23 = {
						CreatedOnToolsVersion = 26.4;
					};
					84F6C5732F8FD7A10037FB23 = {
						CreatedOnToolsVersion = 26.4;
						TestTargetID = 84F6C55D2F8FD7A00037FB23;
					};
					84F6C57D2F8FD7A20037FB23 = {
						CreatedOnToolsVersion = 26.4;
						TestTargetID = 84F6C55D2F8FD7A00037FB23;
					};
				};
			};
			buildConfigurationList = 84F6C5592F8FD7A00037FB23 /* Build configuration list for PBXProject "LetsTravel" */;
			developmentRegion = en;
			hasScannedForEncodings = 0;
			knownRegions = (
				en,
				Base,
			);
			mainGroup = 84F6C5552F8FD7A00037FB23;
			minimizedProjectReferenceProxies = 1;
			preferredProjectObjectVersion = 77;
			productRefGroup = 84F6C55F2F8FD7A00037FB23 /* Products */;
			projectDirPath = "";
			projectRoot = "";
			targets = (
				84F6C55D2F8FD7A00037FB23 /* LetsTravel */,
				84F6C5732F8FD7A10037FB23 /* LetsTravelTests */,
				84F6C57D2F8FD7A20037FB23 /* LetsTravelUITests */,
			);
		};
/* End PBXProject section */

/* Begin PBXResourcesBuildPhase section */
		84F6C55C2F8FD7A00037FB23 /* Resources */ = {
			isa = PBXResourcesBuildPhase;
			buildActionMask = 2147483647;
			files = (
			);
			runOnlyForDeploymentPostprocessing = 0;
		};
		84F6C5722F8FD7A10037FB23 /* Resources */ = {
			isa = PBXResourcesBuildPhase;
			buildActionMask = 2147483647;
			files = (
			);
			runOnlyForDeploymentPostprocessing = 0;
		};
		84F6C57C2F8FD7A20037FB23 /* Resources */ = {
			isa = PBXResourcesBuildPhase;
			buildActionMask = 2147483647;
			files = (
			);
			runOnlyForDeploymentPostprocessing = 0;
		};
/* End PBXResourcesBuildPhase section */

/* Begin PBXSourcesBuildPhase section */
		84F6C55A2F8FD7A00037FB23 /* Sources */ = {
			isa = PBXSourcesBuildPhase;
			buildActionMask = 2147483647;
			files = (
			);
			runOnlyForDeploymentPostprocessing = 0;
		};
		84F6C5702F8FD7A10037FB23 /* Sources */ = {
			isa = PBXSourcesBuildPhase;
			buildActionMask = 2147483647;
			files = (
			);
			runOnlyForDeploymentPostprocessing = 0;
		};
		84F6C57A2F8FD7A20037FB23 /* Sources */ = {
			isa = PBXSourcesBuildPhase;
			buildActionMask = 2147483647;
			files = (
			);
			runOnlyForDeploymentPostprocessing = 0;
		};
/* End PBXSourcesBuildPhase section */

/* Begin PBXTargetDependency section */
		84F6C5762F8FD7A10037FB23 /* PBXTargetDependency */ = {
			isa = PBXTargetDependency;
			target = 84F6C55D2F8FD7A00037FB23 /* LetsTravel */;
			targetProxy = 84F6C5752F8FD7A10037FB23 /* PBXContainerItemProxy */;
		};
		84F6C5802F8FD7A20037FB23 /* PBXTargetDependency */ = {
			isa = PBXTargetDependency;
			target = 84F6C55D2F8FD7A00037FB23 /* LetsTravel */;
			targetProxy = 84F6C57F2F8FD7A20037FB23 /* PBXContainerItemProxy */;
		};
/* End PBXTargetDependency section */

/* Begin XCBuildConfiguration section */
		84F6C5882F8FD7A20037FB23 /* Debug */ = {
			isa = XCBuildConfiguration;
			buildSettings = {
				ASSETCATALOG_COMPILER_APPICON_NAME = AppIcon;
				ASSETCATALOG_COMPILER_GLOBAL_ACCENT_COLOR_NAME = AccentColor;
				CODE_SIGN_STYLE = Automatic;
				CURRENT_PROJECT_VERSION = 1;
				DEVELOPMENT_TEAM = UN8W8BDLT6;
				GENERATE_INFOPLIST_FILE = YES;
				INFOPLIST_FILE = LetsTravel/Info.plist;
				INFOPLIST_KEY_UIApplicationSupportsIndirectInputEvents = YES;
				INFOPLIST_KEY_UILaunchStoryboardName = LaunchScreen;
				INFOPLIST_KEY_UISupportedInterfaceOrientations_iPad = "UIInterfaceOrientationPortrait UIInterfaceOrientationPortraitUpsideDown UIInterfaceOrientationLandscapeLeft UIInterfaceOrientationLandscapeRight";
				INFOPLIST_KEY_UISupportedInterfaceOrientations_iPhone = "UIInterfaceOrientationPortrait UIInterfaceOrientationLandscapeLeft UIInterfaceOrientationLandscapeRight";
				LD_RUNPATH_SEARCH_PATHS = (
					"$(inherited)",
					"@executable_path/Frameworks",
				);
				MARKETING_VERSION = 1.0;
				PRODUCT_BUNDLE_IDENTIFIER = co.zygis.LetsTravel;
				PRODUCT_NAME = "$(TARGET_NAME)";
				STRING_CATALOG_GENERATE_SYMBOLS = YES;
				SWIFT_APPROACHABLE_CONCURRENCY = YES;
				SWIFT_DEFAULT_ACTOR_ISOLATION = MainActor;
				SWIFT_EMIT_LOC_STRINGS = YES;
				SWIFT_UPCOMING_FEATURE_MEMBER_IMPORT_VISIBILITY = YES;
				SWIFT_VERSION = 5.0;
				TARGETED_DEVICE_FAMILY = "1,2";
			};
			name = Debug;
		};
		84F6C5892F8FD7A20037FB23 /* Release */ = {
			isa = XCBuildConfiguration;
			buildSettings = {
				ASSETCATALOG_COMPILER_APPICON_NAME = AppIcon;
				ASSETCATALOG_COMPILER_GLOBAL_ACCENT_COLOR_NAME = AccentColor;
				CODE_SIGN_STYLE = Automatic;
				CURRENT_PROJECT_VERSION = 1;
				DEVELOPMENT_TEAM = UN8W8BDLT6;
				GENERATE_INFOPLIST_FILE = YES;
				INFOPLIST_FILE = LetsTravel/Info.plist;
				INFOPLIST_KEY_UIApplicationSupportsIndirectInputEvents = YES;
				INFOPLIST_KEY_UILaunchStoryboardName = LaunchScreen;
				INFOPLIST_KEY_UISupportedInterfaceOrientations_iPad = "UIInterfaceOrientationPortrait UIInterfaceOrientationPortraitUpsideDown UIInterfaceOrientationLandscapeLeft UIInterfaceOrientationLandscapeRight";
				INFOPLIST_KEY_UISupportedInterfaceOrientations_iPhone = "UIInterfaceOrientationPortrait UIInterfaceOrientationLandscapeLeft UIInterfaceOrientationLandscapeRight";
				LD_RUNPATH_SEARCH_PATHS = (
					"$(inherited)",
					"@executable_path/Frameworks",
				);
				MARKETING_VERSION = 1.0;
				PRODUCT_BUNDLE_IDENTIFIER = co.zygis.LetsTravel;
				PRODUCT_NAME = "$(TARGET_NAME)";
				STRING_CATALOG_GENERATE_SYMBOLS = YES;
				SWIFT_APPROACHABLE_CONCURRENCY = YES;
				SWIFT_DEFAULT_ACTOR_ISOLATION = MainActor;
				SWIFT_EMIT_LOC_STRINGS = YES;
				SWIFT_UPCOMING_FEATURE_MEMBER_IMPORT_VISIBILITY = YES;
				SWIFT_VERSION = 5.0;
				TARGETED_DEVICE_FAMILY = "1,2";
			};
			name = Release;
		};
		84F6C58A2F8FD7A20037FB23 /* Debug */ = {
			isa = XCBuildConfiguration;
			buildSettings = {
				ALWAYS_SEARCH_USER_PATHS = NO;
				ASSETCATALOG_COMPILER_GENERATE_SWIFT_ASSET_SYMBOL_EXTENSIONS = YES;
				CLANG_ANALYZER_NONNULL = YES;
				CLANG_ANALYZER_NUMBER_OBJECT_CONVERSION = YES_AGGRESSIVE;
				CLANG_CXX_LANGUAGE_STANDARD = "gnu++20";
				CLANG_ENABLE_MODULES = YES;
				CLANG_ENABLE_OBJC_ARC = YES;
				CLANG_ENABLE_OBJC_WEAK = YES;
				CLANG_WARN_BLOCK_CAPTURE_AUTORELEASING = YES;
				CLANG_WARN_BOOL_CONVERSION = YES;
				CLANG_WARN_COMMA = YES;
				CLANG_WARN_CONSTANT_CONVERSION = YES;
				CLANG_WARN_DEPRECATED_OBJC_IMPLEMENTATIONS = YES;
				CLANG_WARN_DIRECT_OBJC_ISA_USAGE = YES_ERROR;
				CLANG_WARN_DOCUMENTATION_COMMENTS = YES;
				CLANG_WARN_EMPTY_BODY = YES;
				CLANG_WARN_ENUM_CONVERSION = YES;
				CLANG_WARN_INFINITE_RECURSION = YES;
				CLANG_WARN_INT_CONVERSION = YES;
				CLANG_WARN_NON_LITERAL_NULL_CONVERSION = YES;
				CLANG_WARN_OBJC_IMPLICIT_RETAIN_SELF = YES;
				CLANG_WARN_OBJC_LITERAL_CONVERSION = YES;
				CLANG_WARN_OBJC_ROOT_CLASS = YES_ERROR;
				CLANG_WARN_QUOTED_INCLUDE_IN_FRAMEWORK_HEADER = YES;
				CLANG_WARN_RANGE_LOOP_ANALYSIS = YES;
				CLANG_WARN_STRICT_PROTOTYPES = YES;
				CLANG_WARN_SUSPICIOUS_MOVE = YES;
				CLANG_WARN_UNGUARDED_AVAILABILITY = YES_AGGRESSIVE;
				CLANG_WARN_UNREACHABLE_CODE = YES;
				CLANG_WARN__DUPLICATE_METHOD_MATCH = YES;
				COPY_PHASE_STRIP = NO;
				DEBUG_INFORMATION_FORMAT = dwarf;
				DEVELOPMENT_TEAM = UN8W8BDLT6;
				ENABLE_STRICT_OBJC_MSGSEND = YES;
				ENABLE_TESTABILITY = YES;
				ENABLE_USER_SCRIPT_SANDBOXING = YES;
				GCC_C_LANGUAGE_STANDARD = gnu17;
				GCC_DYNAMIC_NO_PIC = NO;
				GCC_NO_COMMON_BLOCKS = YES;
				GCC_OPTIMIZATION_LEVEL = 0;
				GCC_PREPROCESSOR_DEFINITIONS = (
					"DEBUG=1",
					"$(inherited)",
				);
				GCC_WARN_64_TO_32_BIT_CONVERSION = YES;
				GCC_WARN_ABOUT_RETURN_TYPE = YES_ERROR;
				GCC_WARN_UNDECLARED_SELECTOR = YES;
				GCC_WARN_UNINITIALIZED_AUTOS = YES_AGGRESSIVE;
				GCC_WARN_UNUSED_FUNCTION = YES;
				GCC_WARN_UNUSED_VARIABLE = YES;
				IPHONEOS_DEPLOYMENT_TARGET = 26.4;
				LOCALIZATION_PREFERS_STRING_CATALOGS = YES;
				MTL_ENABLE_DEBUG_INFO = INCLUDE_SOURCE;
				MTL_FAST_MATH = YES;
				ONLY_ACTIVE_ARCH = YES;
				SDKROOT = iphoneos;
				SWIFT_ACTIVE_COMPILATION_CONDITIONS = "DEBUG $(inherited)";
				SWIFT_OPTIMIZATION_LEVEL = "-Onone";
			};
			name = Debug;
		};
		84F6C58B2F8FD7A20037FB23 /* Release */ = {
			isa = XCBuildConfiguration;
			buildSettings = {
				ALWAYS_SEARCH_USER_PATHS = NO;
				ASSETCATALOG_COMPILER_GENERATE_SWIFT_ASSET_SYMBOL_EXTENSIONS = YES;
				CLANG_ANALYZER_NONNULL = YES;
				CLANG_ANALYZER_NUMBER_OBJECT_CONVERSION = YES_AGGRESSIVE;
				CLANG_CXX_LANGUAGE_STANDARD = "gnu++20";
				CLANG_ENABLE_MODULES = YES;
				CLANG_ENABLE_OBJC_ARC = YES;
				CLANG_ENABLE_OBJC_WEAK = YES;
				CLANG_WARN_BLOCK_CAPTURE_AUTORELEASING = YES;
				CLANG_WARN_BOOL_CONVERSION = YES;
				CLANG_WARN_COMMA = YES;
				CLANG_WARN_CONSTANT_CONVERSION = YES;
				CLANG_WARN_DEPRECATED_OBJC_IMPLEMENTATIONS = YES;
				CLANG_WARN_DIRECT_OBJC_ISA_USAGE = YES_ERROR;
				CLANG_WARN_DOCUMENTATION_COMMENTS = YES;
				CLANG_WARN_EMPTY_BODY = YES;
				CLANG_WARN_ENUM_CONVERSION = YES;
				CLANG_WARN_INFINITE_RECURSION = YES;
				CLANG_WARN_INT_CONVERSION = YES;
				CLANG_WARN_NON_LITERAL_NULL_CONVERSION = YES;
				CLANG_WARN_OBJC_IMPLICIT_RETAIN_SELF = YES;
				CLANG_WARN_OBJC_LITERAL_CONVERSION = YES;
				CLANG_WARN_OBJC_ROOT_CLASS = YES_ERROR;
				CLANG_WARN_QUOTED_INCLUDE_IN_FRAMEWORK_HEADER = YES;
				CLANG_WARN_RANGE_LOOP_ANALYSIS = YES;
				CLANG_WARN_STRICT_PROTOTYPES = YES;
				CLANG_WARN_SUSPICIOUS_MOVE = YES;
				CLANG_WARN_UNGUARDED_AVAILABILITY = YES_AGGRESSIVE;
				CLANG_WARN_UNREACHABLE_CODE = YES;
				CLANG_WARN__DUPLICATE_METHOD_MATCH = YES;
				COPY_PHASE_STRIP = NO;
				DEBUG_INFORMATION_FORMAT = "dwarf-with-dsym";
				DEVELOPMENT_TEAM = UN8W8BDLT6;
				ENABLE_NS_ASSERTIONS = NO;
				ENABLE_STRICT_OBJC_MSGSEND = YES;
				ENABLE_USER_SCRIPT_SANDBOXING = YES;
				GCC_C_LANGUAGE_STANDARD = gnu17;
				GCC_NO_COMMON_BLOCKS = YES;
				GCC_WARN_64_TO_32_BIT_CONVERSION = YES;
				GCC_WARN_ABOUT_RETURN_TYPE = YES_ERROR;
				GCC_WARN_UNDECLARED_SELECTOR = YES;
				GCC_WARN_UNINITIALIZED_AUTOS = YES_AGGRESSIVE;
				GCC_WARN_UNUSED_FUNCTION = YES;
				GCC_WARN_UNUSED_VARIABLE = YES;
				IPHONEOS_DEPLOYMENT_TARGET = 26.4;
				LOCALIZATION_PREFERS_STRING_CATALOGS = YES;
				MTL_ENABLE_DEBUG_INFO = NO;
				MTL_FAST_MATH = YES;
				SDKROOT = iphoneos;
				SWIFT_COMPILATION_MODE = wholemodule;
				VALIDATE_PRODUCT = YES;
			};
			name = Release;
		};
		84F6C58D2F8FD7A20037FB23 /* Debug */ = {
			isa = XCBuildConfiguration;
			buildSettings = {
				BUNDLE_LOADER = "$(TEST_HOST)";
				CODE_SIGN_STYLE = Automatic;
				CURRENT_PROJECT_VERSION = 1;
				DEVELOPMENT_TEAM = UN8W8BDLT6;
				GENERATE_INFOPLIST_FILE = YES;
				IPHONEOS_DEPLOYMENT_TARGET = 26.4;
				MARKETING_VERSION = 1.0;
				PRODUCT_BUNDLE_IDENTIFIER = co.zygis.LetsTravelTests;
				PRODUCT_NAME = "$(TARGET_NAME)";
				STRING_CATALOG_GENERATE_SYMBOLS = NO;
				SWIFT_APPROACHABLE_CONCURRENCY = YES;
				SWIFT_EMIT_LOC_STRINGS = NO;
				SWIFT_UPCOMING_FEATURE_MEMBER_IMPORT_VISIBILITY = YES;
				SWIFT_VERSION = 5.0;
				TARGETED_DEVICE_FAMILY = "1,2";
				TEST_HOST = "$(BUILT_PRODUCTS_DIR)/LetsTravel.app/$(BUNDLE_EXECUTABLE_FOLDER_PATH)/LetsTravel";
			};
			name = Debug;
		};
		84F6C58E2F8FD7A20037FB23 /* Release */ = {
			isa = XCBuildConfiguration;
			buildSettings = {
				BUNDLE_LOADER = "$(TEST_HOST)";
				CODE_SIGN_STYLE = Automatic;
				CURRENT_PROJECT_VERSION = 1;
				DEVELOPMENT_TEAM = UN8W8BDLT6;
				GENERATE_INFOPLIST_FILE = YES;
				IPHONEOS_DEPLOYMENT_TARGET = 26.4;
				MARKETING_VERSION = 1.0;
				PRODUCT_BUNDLE_IDENTIFIER = co.zygis.LetsTravelTests;
				PRODUCT_NAME = "$(TARGET_NAME)";
				STRING_CATALOG_GENERATE_SYMBOLS = NO;
				SWIFT_APPROACHABLE_CONCURRENCY = YES;
				SWIFT_EMIT_LOC_STRINGS = NO;
				SWIFT_UPCOMING_FEATURE_MEMBER_IMPORT_VISIBILITY = YES;
				SWIFT_VERSION = 5.0;
				TARGETED_DEVICE_FAMILY = "1,2";
				TEST_HOST = "$(BUILT_PRODUCTS_DIR)/LetsTravel.app/$(BUNDLE_EXECUTABLE_FOLDER_PATH)/LetsTravel";
			};
			name = Release;
		};
		84F6C5902F8FD7A20037FB23 /* Debug */ = {
			isa = XCBuildConfiguration;
			buildSettings = {
				CODE_SIGN_STYLE = Automatic;
				CURRENT_PROJECT_VERSION = 1;
				DEVELOPMENT_TEAM = UN8W8BDLT6;
				GENERATE_INFOPLIST_FILE = YES;
				MARKETING_VERSION = 1.0;
				PRODUCT_BUNDLE_IDENTIFIER = co.zygis.LetsTravelUITests;
				PRODUCT_NAME = "$(TARGET_NAME)";
				STRING_CATALOG_GENERATE_SYMBOLS = NO;
				SWIFT_APPROACHABLE_CONCURRENCY = YES;
				SWIFT_EMIT_LOC_STRINGS = NO;
				SWIFT_UPCOMING_FEATURE_MEMBER_IMPORT_VISIBILITY = YES;
				SWIFT_VERSION = 5.0;
				TARGETED_DEVICE_FAMILY = "1,2";
				TEST_TARGET_NAME = LetsTravel;
			};
			name = Debug;
		};
		84F6C5912F8FD7A20037FB23 /* Release */ = {
			isa = XCBuildConfiguration;
			buildSettings = {
				CODE_SIGN_STYLE = Automatic;
				CURRENT_PROJECT_VERSION = 1;
				DEVELOPMENT_TEAM = UN8W8BDLT6;
				GENERATE_INFOPLIST_FILE = YES;
				MARKETING_VERSION = 1.0;
				PRODUCT_BUNDLE_IDENTIFIER = co.zygis.LetsTravelUITests;
				PRODUCT_NAME = "$(TARGET_NAME)";
				STRING_CATALOG_GENERATE_SYMBOLS = NO;
				SWIFT_APPROACHABLE_CONCURRENCY = YES;
				SWIFT_EMIT_LOC_STRINGS = NO;
				SWIFT_UPCOMING_FEATURE_MEMBER_IMPORT_VISIBILITY = YES;
				SWIFT_VERSION = 5.0;
				TARGETED_DEVICE_FAMILY = "1,2";
				TEST_TARGET_NAME = LetsTravel;
			};
			name = Release;
		};
/* End XCBuildConfiguration section */

/* Begin XCConfigurationList section */
		84F6C5592F8FD7A00037FB23 /* Build configuration list for PBXProject "LetsTravel" */ = {
			isa = XCConfigurationList;
			buildConfigurations = (
				84F6C58A2F8FD7A20037FB23 /* Debug */,
				84F6C58B2F8FD7A20037FB23 /* Release */,
			);
			defaultConfigurationIsVisible = 0;
			defaultConfigurationName = Release;
		};
		84F6C5872F8FD7A20037FB23 /* Build configuration list for PBXNativeTarget "LetsTravel" */ = {
			isa = XCConfigurationList;
			buildConfigurations = (
				84F6C5882F8FD7A20037FB23 /* Debug */,
				84F6C5892F8FD7A20037FB23 /* Release */,
			);
			defaultConfigurationIsVisible = 0;
			defaultConfigurationName = Release;
		};
		84F6C58C2F8FD7A20037FB23 /* Build configuration list for PBXNativeTarget "LetsTravelTests" */ = {
			isa = XCConfigurationList;
			buildConfigurations = (
				84F6C58D2F8FD7A20037FB23 /* Debug */,
				84F6C58E2F8FD7A20037FB23 /* Release */,
			);
			defaultConfigurationIsVisible = 0;
			defaultConfigurationName = Release;
		};
		84F6C58F2F8FD7A20037FB23 /* Build configuration list for PBXNativeTarget "LetsTravelUITests" */ = {
			isa = XCConfigurationList;
			buildConfigurations = (
				84F6C5902F8FD7A20037FB23 /* Debug */,
				84F6C5912F8FD7A20037FB23 /* Release */,
			);
			defaultConfigurationIsVisible = 0;
			defaultConfigurationName = Release;
		};
/* End XCConfigurationList section */
	};
	rootObject = 84F6C5562F8FD7A00037FB23 /* Project object */;
}
